
Microsoft Visual Studio Solution File, Format Version 12.00
# Visual Studio Version 17
VisualStudioVersion = 17.7.34031.279
MinimumVisualStudioVersion = 10.0.40219.1
Project("{FAE04EC0-301F-11D3-BF4B-00C04F79EFBC}") = "AmazonS3.demo", "AmazonS3.demo\AmazonS3.demo.csproj", "{F4DFE1F8-190F-4CBB-ACE7-2CCBE47BD431}"
EndProject
Global
	GlobalSection(SolutionConfigurationPlatforms) = preSolution
		Debug|Any CPU = Debug|Any CPU
		Release|Any CPU = Release|Any CPU
	EndGlobalSection
	GlobalSection(ProjectConfigurationPlatforms) = postSolution
		{F4DFE1F8-190F-4CBB-ACE7-2CCBE47BD431}.Debug|Any CPU.ActiveCfg = Debug|Any CPU
		{F4DFE1F8-190F-4CBB-ACE7-2CCBE47BD431}.Debug|Any CPU.Build.0 = Debug|Any CPU
		{F4DFE1F8-190F-4CBB-ACE7-2CCBE47BD431}.Release|Any CPU.ActiveCfg = Release|Any CPU
		{F4DFE1F8-190F-4CBB-ACE7-2CCBE47BD431}.Release|Any CPU.Build.0 = Release|Any CPU
	EndGlobalSection
	GlobalSection(SolutionProperties) = preSolution
		HideSolutionNode = FALSE
	EndGlobalSection
	GlobalSection(ExtensibilityGlobals) = postSolution
		SolutionGuid = {5CA01DF0-EA47-42A9-97CD-FC9DE8A50339}
	EndGlobalSection
EndGlobal
